// !$*UTF8*$!
{
	archiveVersion = 1;
	classes = {
	};
	objectVersion = 56;
	objects = {

/* Begin PBXBuildFile section */
		658316C729B52DDE004ED029 /* BluetoothManager.swift in Sources */ = {isa = PBXBuildFile; fileRef = 658316C629B52DDE004ED029 /* BluetoothManager.swift */; };
		658316CA29B52E39004ED029 /* BluetoothView.swift in Sources */ = {isa = PBXBuildFile; fileRef = 658316C929B52E39004ED029 /* BluetoothView.swift */; };
		658316CC29B530C5004ED029 /* BLEController.swift in Sources */ = {isa = PBXBuildFile; fileRef = 658316CB29B530C5004ED029 /* BLEController.swift */; };
		6587AD7329A2B61B0064917E /* BAC_on_TrackApp.swift in Sources */ = {isa = PBXBuildFile; fileRef = 6587AD7229A2B61B0064917E /* BAC_on_TrackApp.swift */; };
		6587AD7529A2B61B0064917E /* HomePage.swift in Sources */ = {isa = PBXBuildFile; fileRef = 6587AD7429A2B61B0064917E /* HomePage.swift */; };
		6587AD7729A2B61C0064917E /* Assets.xcassets in Resources */ = {isa = PBXBuildFile; fileRef = 6587AD7629A2B61C0064917E /* Assets.xcassets */; };
		6587AD7A29A2B61C0064917E /* Preview Assets.xcassets in Resources */ = {isa = PBXBuildFile; fileRef = 6587AD7929A2B61C0064917E /* Preview Assets.xcassets */; };
		6587AD8429A2B61D0064917E /* BAC_on_TrackTests.swift in Sources */ = {isa = PBXBuildFile; fileRef = 6587AD8329A2B61D0064917E /* BAC_on_TrackTests.swift */; };
		6587AD8E29A2B61D0064917E /* BAC_on_TrackUITests.swift in Sources */ = {isa = PBXBuildFile; fileRef = 6587AD8D29A2B61D0064917E /* BAC_on_TrackUITests.swift */; };
		6587AD9029A2B61D0064917E /* BAC_on_TrackUITestsLaunchTests.swift in Sources */ = {isa = PBXBuildFile; fileRef = 6587AD8F29A2B61D0064917E /* BAC_on_TrackUITestsLaunchTests.swift */; };
		6587AD9E29A2BE110064917E /* SettingsPage.swift in Sources */ = {isa = PBXBuildFile; fileRef = 6587AD9D29A2BE110064917E /* SettingsPage.swift */; };
		6587ADA029A2BE180064917E /* InfoPage.swift in Sources */ = {isa = PBXBuildFile; fileRef = 6587AD9F29A2BE180064917E /* InfoPage.swift */; };
		6587ADA229A2BEDB0064917E /* ContentView.swift in Sources */ = {isa = PBXBuildFile; fileRef = 6587ADA129A2BEDB0064917E /* ContentView.swift */; };
/* End PBXBuildFile section */

/* Begin PBXContainerItemProxy section */
		6587AD8029A2B61D0064917E /* PBXContainerItemProxy */ = {
			isa = PBXContainerItemProxy;
			containerPortal = 6587AD6729A2B61B0064917E /* Project object */;
			proxyType = 1;
			remoteGlobalIDString = 6587AD6E29A2B61B0064917E;
			remoteInfo = "BAC on Track";
		};
		6587AD8A29A2B61D0064917E /* PBXContainerItemProxy */ = {
			isa = PBXContainerItemProxy;
			containerPortal = 6587AD6729A2B61B0064917E /* Project object */;
			proxyType = 1;
			remoteGlobalIDString = 6587AD6E29A2B61B0064917E;
			remoteInfo = "BAC on Track";
		};
/* End PBXContainerItemProxy section */

/* Begin PBXFileReference section */
		658316C629B52DDE004ED029 /* BluetoothManager.swift */ = {isa = PBXFileReference; lastKnownFileType = sourcecode.swift; path = BluetoothManager.swift; sourceTree = "<group>"; };
		658316C929B52E39004ED029 /* BluetoothView.swift */ = {isa = PBXFileReference; lastKnownFileType = sourcecode.swift; path = BluetoothView.swift; sourceTree = "<group>"; };
		658316CB29B530C5004ED029 /* BLEController.swift */ = {isa = PBXFileReference; lastKnownFileType = sourcecode.swift; path = BLEController.swift; sourceTree = "<group>"; };
		6587AD6F29A2B61B0064917E /* BAC on Track.app */ = {isa = PBXFileReference; explicitFileType = wrapper.application; includeInIndex = 0; path = "BAC on Track.app"; sourceTree = BUILT_PRODUCTS_DIR; };
		6587AD7229A2B61B0064917E /* BAC_on_TrackApp.swift */ = {isa = PBXFileReference; lastKnownFileType = sourcecode.swift; path = BAC_on_TrackApp.swift; sourceTree = "<group>"; };
		6587AD7429A2B61B0064917E /* HomePage.swift */ = {isa = PBXFileReference; lastKnownFileType = sourcecode.swift; path = HomePage.swift; sourceTree = "<group>"; };
		6587AD7629A2B61C0064917E /* Assets.xcassets */ = {isa = PBXFileReference; lastKnownFileType = folder.assetcatalog; path = Assets.xcassets; sourceTree = "<group>"; };
		6587AD7929A2B61C0064917E /* Preview Assets.xcassets */ = {isa = PBXFileReference; lastKnownFileType = folder.assetcatalog; path = "Preview Assets.xcassets"; sourceTree = "<group>"; };
		6587AD7F29A2B61D0064917E /* BAC on TrackTests.xctest */ = {isa = PBXFileReference; explicitFileType = wrapper.cfbundle; includeInIndex = 0; path = "BAC on TrackTests.xctest"; sourceTree = BUILT_PRODUCTS_DIR; };
		6587AD8329A2B61D0064917E /* BAC_on_TrackTests.swift */ = {isa = PBXFileReference; lastKnownFileType = sourcecode.swift; path = BAC_on_TrackTests.swift; sourceTree = "<group>"; };
		6587AD8929A2B61D0064917E /* BAC on TrackUITests.xctest */ = {isa = PBXFileReference; explicitFileType = wrapper.cfbundle; includeInIndex = 0; path = "BAC on TrackUITests.xctest"; sourceTree = BUILT_PRODUCTS_DIR; };
		6587AD8D29A2B61D0064917E /* BAC_on_TrackUITests.swift */ = {isa = PBXFileReference; lastKnownFileType = sourcecode.swift; path = BAC_on_TrackUITests.swift; sourceTree = "<group>"; };
		6587AD8F29A2B61D0064917E /* BAC_on_TrackUITestsLaunchTests.swift */ = {isa = PBXFileReference; lastKnownFileType = sourcecode.swift; path = BAC_on_TrackUITestsLaunchTests.swift; sourceTree = "<group>"; };
		6587AD9D29A2BE110064917E /* SettingsPage.swift */ = {isa = PBXFileReference; lastKnownFileType = sourcecode.swift; path = SettingsPage.swift; sourceTree = "<group>"; };
		6587AD9F29A2BE180064917E /* InfoPage.swift */ = {isa = PBXFileReference; lastKnownFileType = sourcecode.swift; path = InfoPage.swift; sourceTree = "<group>"; };
		6587ADA129A2BEDB0064917E /* ContentView.swift */ = {isa = PBXFileReference; lastKnownFileType = sourcecode.swift; path = ContentView.swift; sourceTree = "<group>"; };
/* End PBXFileReference section */

/* Begin PBXFrameworksBuildPhase section */
		6587AD6C29A2B61B0064917E /* Frameworks */ = {
			isa = PBXFrameworksBuildPhase;
			buildActionMask = 2147483647;
			files = (
			);
			runOnlyForDeploymentPostprocessing = 0;
		};
		6587AD7C29A2B61D0064917E /* Frameworks */ = {
			isa = PBXFrameworksBuildPhase;
			buildActionMask = 2147483647;
			files = (
			);
			runOnlyForDeploymentPostprocessing = 0;
		};
		6587AD8629A2B61D0064917E /* Frameworks */ = {
			isa = PBXFrameworksBuildPhase;
			buildActionMask = 2147483647;
			files = (
			);
			runOnlyForDeploymentPostprocessing = 0;
		};
/* End PBXFrameworksBuildPhase section */

/* Begin PBXGroup section */
		658316C829B52DE2004ED029 /* Bluetooth */ = {
			isa = PBXGroup;
			children = (
				658316C629B52DDE004ED029 /* BluetoothManager.swift */,
				658316C929B52E39004ED029 /* BluetoothView.swift */,
				658316CB29B530C5004ED029 /* BLEController.swift */,
			);
			path = Bluetooth;
			sourceTree = "<group>";
		};
		6587AD6629A2B61B0064917E = {
			isa = PBXGroup;
			children = (
				6587AD7129A2B61B0064917E /* BAC on Track */,
				6587AD8229A2B61D0064917E /* BAC on TrackTests */,
				6587AD8C29A2B61D0064917E /* BAC on TrackUITests */,
				6587AD7029A2B61B0064917E /* Products */,
			);
			sourceTree = "<group>";
		};
		6587AD7029A2B61B0064917E /* Products */ = {
			isa = PBXGroup;
			children = (
				6587AD6F29A2B61B0064917E /* BAC on Track.app */,
				6587AD7F29A2B61D0064917E /* BAC on TrackTests.xctest */,
				6587AD8929A2B61D0064917E /* BAC on TrackUITests.xctest */,
			);
			name = Products;
			sourceTree = "<group>";
		};
		6587AD7129A2B61B0064917E /* BAC on Track */ = {
			isa = PBXGroup;
			children = (
				6587AD9C29A2BDEA0064917E /* Pages */,
				6587AD7229A2B61B0064917E /* BAC_on_TrackApp.swift */,
				6587ADA129A2BEDB0064917E /* ContentView.swift */,
				6587AD7629A2B61C0064917E /* Assets.xcassets */,
				6587AD7829A2B61C0064917E /* Preview Content */,
			);
			path = "BAC on Track";
			sourceTree = "<group>";
		};
		6587AD7829A2B61C0064917E /* Preview Content */ = {
			isa = PBXGroup;
			children = (
				6587AD7929A2B61C0064917E /* Preview Assets.xcassets */,
			);
			path = "Preview Content";
			sourceTree = "<group>";
		};
		6587AD8229A2B61D0064917E /* BAC on TrackTests */ = {
			isa = PBXGroup;
			children = (
				6587AD8329A2B61D0064917E /* BAC_on_TrackTests.swift */,
			);
			path = "BAC on TrackTests";
			sourceTree = "<group>";
		};
		6587AD8C29A2B61D0064917E /* BAC on TrackUITests */ = {
			isa = PBXGroup;
			children = (
				6587AD8D29A2B61D0064917E /* BAC_on_TrackUITests.swift */,
				6587AD8F29A2B61D0064917E /* BAC_on_TrackUITestsLaunchTests.swift */,
			);
			path = "BAC on TrackUITests";
			sourceTree = "<group>";
		};
		6587AD9C29A2BDEA0064917E /* Pages */ = {
			isa = PBXGroup;
			children = (
				658316C829B52DE2004ED029 /* Bluetooth */,
				6587AD7429A2B61B0064917E /* HomePage.swift */,
				6587AD9D29A2BE110064917E /* SettingsPage.swift */,
				6587AD9F29A2BE180064917E /* InfoPage.swift */,
			);
			path = Pages;
			sourceTree = "<group>";
		};
/* End PBXGroup section */

/* Begin PBXNativeTarget section */
		6587AD6E29A2B61B0064917E /* BAC on Track */ = {
			isa = PBXNativeTarget;
			buildConfigurationList = 6587AD9329A2B61D0064917E /* Build configuration list for PBXNativeTarget "BAC on Track" */;
			buildPhases = (
				6587AD6B29A2B61B0064917E /* Sources */,
				6587AD6C29A2B61B0064917E /* Frameworks */,
				6587AD6D29A2B61B0064917E /* Resources */,
			);
			buildRules = (
			);
			dependencies = (
			);
			name = "BAC on Track";
			productName = "BAC on Track";
			productReference = 6587AD6F29A2B61B0064917E /* BAC on Track.app */;
			productType = "com.apple.product-type.application";
		};
		6587AD7E29A2B61D0064917E /* BAC on TrackTests */ = {
			isa = PBXNativeTarget;
			buildConfigurationList = 6587AD9629A2B61D0064917E /* Build configuration list for PBXNativeTarget "BAC on TrackTests" */;
			buildPhases = (
				6587AD7B29A2B61D0064917E /* Sources */,
				6587AD7C29A2B61D0064917E /* Frameworks */,
				6587AD7D29A2B61D0064917E /* Resources */,
			);
			buildRules = (
			);
			dependencies = (
				6587AD8129A2B61D0064917E /* PBXTargetDependency */,
			);
			name = "BAC on TrackTests";
			productName = "BAC on TrackTests";
			productReference = 6587AD7F29A2B61D0064917E /* BAC on TrackTests.xctest */;
			productType = "com.apple.product-type.bundle.unit-test";
		};
		6587AD8829A2B61D0064917E /* BAC on TrackUITests */ = {
			isa = PBXNativeTarget;
			buildConfigurationList = 6587AD9929A2B61D0064917E /* Build configuration list for PBXNativeTarget "BAC on TrackUITests" */;
			buildPhases = (
				6587AD8529A2B61D0064917E /* Sources */,
				6587AD8629A2B61D0064917E /* Frameworks */,
				6587AD8729A2B61D0064917E /* Resources */,
			);
			buildRules = (
			);
			dependencies = (
				6587AD8B29A2B61D0064917E /* PBXTargetDependency */,
			);
			name = "BAC on TrackUITests";
			productName = "BAC on TrackUITests";
			productReference = 6587AD8929A2B61D0064917E /* BAC on TrackUITests.xctest */;
			productType = "com.apple.product-type.bundle.ui-testing";
		};
/* End PBXNativeTarget section */

/* Begin PBXProject section */
		6587AD6729A2B61B0064917E /* Project object */ = {
			isa = PBXProject;
			attributes = {
				BuildIndependentTargetsInParallel = 1;
				LastSwiftUpdateCheck = 1420;
				LastUpgradeCheck = 1420;
				TargetAttributes = {
					6587AD6E29A2B61B0064917E = {
						CreatedOnToolsVersion = 14.2;
					};
					6587AD7E29A2B61D0064917E = {
						CreatedOnToolsVersion = 14.2;
						TestTargetID = 6587AD6E29A2B61B0064917E;
					};
					6587AD8829A2B61D0064917E = {
						CreatedOnToolsVersion = 14.2;
						TestTargetID = 6587AD6E29A2B61B0064917E;
					};
				};
			};
			buildConfigurationList = 6587AD6A29A2B61B0064917E /* Build configuration list for PBXProject "BAC on Track" */;
			compatibilityVersion = "Xcode 14.0";
			developmentRegion = en;
			hasScannedForEncodings = 0;
			knownRegions = (
				en,
				Base,
			);
			mainGroup = 6587AD6629A2B61B0064917E;
			productRefGroup = 6587AD7029A2B61B0064917E /* Products */;
			projectDirPath = "";
			projectRoot = "";
			targets = (
				6587AD6E29A2B61B0064917E /* BAC on Track */,
				6587AD7E29A2B61D0064917E /* BAC on TrackTests */,
				6587AD8829A2B61D0064917E /* BAC on TrackUITests */,
			);
		};
/* End PBXProject section */

/* Begin PBXResourcesBuildPhase section */
		6587AD6D29A2B61B0064917E /* Resources */ = {
			isa = PBXResourcesBuildPhase;
			buildActionMask = 2147483647;
			files = (
				6587AD7A29A2B61C0064917E /* Preview Assets.xcassets in Resources */,
				6587AD7729A2B61C0064917E /* Assets.xcassets in Resources */,
			);
			runOnlyForDeploymentPostprocessing = 0;
		};
		6587AD7D29A2B61D0064917E /* Resources */ = {
			isa = PBXResourcesBuildPhase;
			buildActionMask = 2147483647;
			files = (
			);
			runOnlyForDeploymentPostprocessing = 0;
		};
		6587AD8729A2B61D0064917E /* Resources */ = {
			isa = PBXResourcesBuildPhase;
			buildActionMask = 2147483647;
			files = (
			);
			runOnlyForDeploymentPostprocessing = 0;
		};
/* End PBXResourcesBuildPhase section */

/* Begin PBXSourcesBuildPhase section */
		6587AD6B29A2B61B0064917E /* Sources */ = {
			isa = PBXSourcesBuildPhase;
			buildActionMask = 2147483647;
			files = (
				6587AD9E29A2BE110064917E /* SettingsPage.swift in Sources */,
				658316CA29B52E39004ED029 /* BluetoothView.swift in Sources */,
				6587ADA229A2BEDB0064917E /* ContentView.swift in Sources */,
				6587AD7529A2B61B0064917E /* HomePage.swift in Sources */,
				6587ADA029A2BE180064917E /* InfoPage.swift in Sources */,
				658316CC29B530C5004ED029 /* BLEController.swift in Sources */,
				658316C729B52DDE004ED029 /* BluetoothManager.swift in Sources */,
				6587AD7329A2B61B0064917E /* BAC_on_TrackApp.swift in Sources */,
			);
			runOnlyForDeploymentPostprocessing = 0;
		};
		6587AD7B29A2B61D0064917E /* Sources */ = {
			isa = PBXSourcesBuildPhase;
			buildActionMask = 2147483647;
			files = (
				6587AD8429A2B61D0064917E /* BAC_on_TrackTests.swift in Sources */,
			);
			runOnlyForDeploymentPostprocessing = 0;
		};
		6587AD8529A2B61D0064917E /* Sources */ = {
			isa = PBXSourcesBuildPhase;
			buildActionMask = 2147483647;
			files = (
				6587AD9029A2B61D0064917E /* BAC_on_TrackUITestsLaunchTests.swift in Sources */,
				6587AD8E29A2B61D0064917E /* BAC_on_TrackUITests.swift in Sources */,
			);
			runOnlyForDeploymentPostprocessing = 0;
		};
/* End PBXSourcesBuildPhase section */

/* Begin PBXTargetDependency section */
		6587AD8129A2B61D0064917E /* PBXTargetDependency */ = {
			isa = PBXTargetDependency;
			target = 6587AD6E29A2B61B0064917E /* BAC on Track */;
			targetProxy = 6587AD8029A2B61D0064917E /* PBXContainerItemProxy */;
		};
		6587AD8B29A2B61D0064917E /* PBXTargetDependency */ = {
			isa = PBXTargetDependency;
			target = 6587AD6E29A2B61B0064917E /* BAC on Track */;
			targetProxy = 6587AD8A29A2B61D0064917E /* PBXContainerItemProxy */;
		};
/* End PBXTargetDependency section */

/* Begin XCBuildConfiguration section */
		6587AD9129A2B61D0064917E /* Debug */ = {
			isa = XCBuildConfiguration;
			buildSettings = {
				ALWAYS_SEARCH_USER_PATHS = NO;
				CLANG_ANALYZER_NONNULL = YES;
				CLANG_ANALYZER_NUMBER_OBJECT_CONVERSION = YES_AGGRESSIVE;
				CLANG_CXX_LANGUAGE_STANDARD = "gnu++20";
				CLANG_ENABLE_MODULES = YES;
				CLANG_ENABLE_OBJC_ARC = YES;
				CLANG_ENABLE_OBJC_WEAK = YES;
				CLANG_WARN_BLOCK_CAPTURE_AUTORELEASING = YES;
				CLANG_WARN_BOOL_CONVERSION = YES;
				CLANG_WARN_COMMA = YES;
				CLANG_WARN_CONSTANT_CONVERSION = YES;
				CLANG_WARN_DEPRECATED_OBJC_IMPLEMENTATIONS = YES;
				CLANG_WARN_DIRECT_OBJC_ISA_USAGE = YES_ERROR;
				CLANG_WARN_DOCUMENTATION_COMMENTS = YES;
				CLANG_WARN_EMPTY_BODY = YES;
				CLANG_WARN_ENUM_CONVERSION = YES;
				CLANG_WARN_INFINITE_RECURSION = YES;
				CLANG_WARN_INT_CONVERSION = YES;
				CLANG_WARN_NON_LITERAL_NULL_CONVERSION = YES;
				CLANG_WARN_OBJC_IMPLICIT_RETAIN_SELF = YES;
				CLANG_WARN_OBJC_LITERAL_CONVERSION = YES;
				CLANG_WARN_OBJC_ROOT_CLASS = YES_ERROR;
				CLANG_WARN_QUOTED_INCLUDE_IN_FRAMEWORK_HEADER = YES;
				CLANG_WARN_RANGE_LOOP_ANALYSIS = YES;
				CLANG_WARN_STRICT_PROTOTYPES = YES;
				CLANG_WARN_SUSPICIOUS_MOVE = YES;
				CLANG_WARN_UNGUARDED_AVAILABILITY = YES_AGGRESSIVE;
				CLANG_WARN_UNREACHABLE_CODE = YES;
				CLANG_WARN__DUPLICATE_METHOD_MATCH = YES;
				COPY_PHASE_STRIP = NO;
				DEBUG_INFORMATION_FORMAT = dwarf;
				ENABLE_STRICT_OBJC_MSGSEND = YES;
				ENABLE_TESTABILITY = YES;
				GCC_C_LANGUAGE_STANDARD = gnu11;
				GCC_DYNAMIC_NO_PIC = NO;
				GCC_NO_COMMON_BLOCKS = YES;
				GCC_OPTIMIZATION_LEVEL = 0;
				GCC_PREPROCESSOR_DEFINITIONS = (
					"DEBUG=1",
					"$(inherited)",
				);
				GCC_WARN_64_TO_32_BIT_CONVERSION = YES;
				GCC_WARN_ABOUT_RETURN_TYPE = YES_ERROR;
				GCC_WARN_UNDECLARED_SELECTOR = YES;
				GCC_WARN_UNINITIALIZED_AUTOS = YES_AGGRESSIVE;
				GCC_WARN_UNUSED_FUNCTION = YES;
				GCC_WARN_UNUSED_VARIABLE = YES;
				IPHONEOS_DEPLOYMENT_TARGET = 16.2;
				MTL_ENABLE_DEBUG_INFO = INCLUDE_SOURCE;
				MTL_FAST_MATH = YES;
				ONLY_ACTIVE_ARCH = YES;
				SDKROOT = iphoneos;
				SWIFT_ACTIVE_COMPILATION_CONDITIONS = DEBUG;
				SWIFT_OPTIMIZATION_LEVEL = "-Onone";
			};
			name = Debug;
		};
		6587AD9229A2B61D0064917E /* Release */ = {
			isa = XCBuildConfiguration;
			buildSettings = {
				ALWAYS_SEARCH_USER_PATHS = NO;
				CLANG_ANALYZER_NONNULL = YES;
				CLANG_ANALYZER_NUMBER_OBJECT_CONVERSION = YES_AGGRESSIVE;
				CLANG_CXX_LANGUAGE_STANDARD = "gnu++20";
				CLANG_ENABLE_MODULES = YES;
				CLANG_ENABLE_OBJC_ARC = YES;
				CLANG_ENABLE_OBJC_WEAK = YES;
				CLANG_WARN_BLOCK_CAPTURE_AUTORELEASING = YES;
				CLANG_WARN_BOOL_CONVERSION = YES;
				CLANG_WARN_COMMA = YES;
				CLANG_WARN_CONSTANT_CONVERSION = YES;
				CLANG_WARN_DEPRECATED_OBJC_IMPLEMENTATIONS = YES;
				CLANG_WARN_DIRECT_OBJC_ISA_USAGE = YES_ERROR;
				CLANG_WARN_DOCUMENTATION_COMMENTS = YES;
				CLANG_WARN_EMPTY_BODY = YES;
				CLANG_WARN_ENUM_CONVERSION = YES;
				CLANG_WARN_INFINITE_RECURSION = YES;
				CLANG_WARN_INT_CONVERSION = YES;
				CLANG_WARN_NON_LITERAL_NULL_CONVERSION = YES;
				CLANG_WARN_OBJC_IMPLICIT_RETAIN_SELF = YES;
				CLANG_WARN_OBJC_LITERAL_CONVERSION = YES;
				CLANG_WARN_OBJC_ROOT_CLASS = YES_ERROR;
				CLANG_WARN_QUOTED_INCLUDE_IN_FRAMEWORK_HEADER = YES;
				CLANG_WARN_RANGE_LOOP_ANALYSIS = YES;
				CLANG_WARN_STRICT_PROTOTYPES = YES;
				CLANG_WARN_SUSPICIOUS_MOVE = YES;
				CLANG_WARN_UNGUARDED_AVAILABILITY = YES_AGGRESSIVE;
				CLANG_WARN_UNREACHABLE_CODE = YES;
				CLANG_WARN__DUPLICATE_METHOD_MATCH = YES;
				COPY_PHASE_STRIP = NO;
				DEBUG_INFORMATION_FORMAT = "dwarf-with-dsym";
				ENABLE_NS_ASSERTIONS = NO;
				ENABLE_STRICT_OBJC_MSGSEND = YES;
				GCC_C_LANGUAGE_STANDARD = gnu11;
				GCC_NO_COMMON_BLOCKS = YES;
				GCC_WARN_64_TO_32_BIT_CONVERSION = YES;
				GCC_WARN_ABOUT_RETURN_TYPE = YES_ERROR;
				GCC_WARN_UNDECLARED_SELECTOR = YES;
				GCC_WARN_UNINITIALIZED_AUTOS = YES_AGGRESSIVE;
				GCC_WARN_UNUSED_FUNCTION = YES;
				GCC_WARN_UNUSED_VARIABLE = YES;
				IPHONEOS_DEPLOYMENT_TARGET = 16.2;
				MTL_ENABLE_DEBUG_INFO = NO;
				MTL_FAST_MATH = YES;
				SDKROOT = iphoneos;
				SWIFT_COMPILATION_MODE = wholemodule;
				SWIFT_OPTIMIZATION_LEVEL = "-O";
				VALIDATE_PRODUCT = YES;
			};
			name = Release;
		};
		6587AD9429A2B61D0064917E /* Debug */ = {
			isa = XCBuildConfiguration;
			buildSettings = {
				ASSETCATALOG_COMPILER_APPICON_NAME = AppIcon;
				ASSETCATALOG_COMPILER_GLOBAL_ACCENT_COLOR_NAME = AccentColor;
				CODE_SIGN_STYLE = Automatic;
				CURRENT_PROJECT_VERSION = 1;
				DEVELOPMENT_ASSET_PATHS = "\"BAC on Track/Preview Content\"";
				DEVELOPMENT_TEAM = DURNN77378;
				ENABLE_PREVIEWS = YES;
				GENERATE_INFOPLIST_FILE = YES;
				INFOPLIST_KEY_UIApplicationSceneManifest_Generation = YES;
				INFOPLIST_KEY_UIApplicationSupportsIndirectInputEvents = YES;
				INFOPLIST_KEY_UILaunchScreen_Generation = YES;
				INFOPLIST_KEY_UISupportedInterfaceOrientations_iPad = "UIInterfaceOrientationPortrait UIInterfaceOrientationPortraitUpsideDown UIInterfaceOrientationLandscapeLeft UIInterfaceOrientationLandscapeRight";
				INFOPLIST_KEY_UISupportedInterfaceOrientations_iPhone = "UIInterfaceOrientationPortrait UIInterfaceOrientationLandscapeLeft UIInterfaceOrientationLandscapeRight";
				LD_RUNPATH_SEARCH_PATHS = (
					"$(inherited)",
					"@executable_path/Frameworks",
				);
				MARKETING_VERSION = 1.0;
				PRODUCT_BUNDLE_IDENTIFIER = "com.meddesign.BAC-on-Track";
				PRODUCT_NAME = "$(TARGET_NAME)";
				SWIFT_EMIT_LOC_STRINGS = YES;
				SWIFT_VERSION = 5.0;
				TARGETED_DEVICE_FAMILY = "1,2";
			};
			name = Debug;
		};
		6587AD9529A2B61D0064917E /* Release */ = {
			isa = XCBuildConfiguration;
			buildSettings = {
				ASSETCATALOG_COMPILER_APPICON_NAME = AppIcon;
				ASSETCATALOG_COMPILER_GLOBAL_ACCENT_COLOR_NAME = AccentColor;
				CODE_SIGN_STYLE = Automatic;
				CURRENT_PROJECT_VERSION = 1;
				DEVELOPMENT_ASSET_PATHS = "\"BAC on Track/Preview Content\"";
				DEVELOPMENT_TEAM = DURNN77378;
				ENABLE_PREVIEWS = YES;
				GENERATE_INFOPLIST_FILE = YES;
				INFOPLIST_KEY_UIApplicationSceneManifest_Generation = YES;
				INFOPLIST_KEY_UIApplicationSupportsIndirectInputEvents = YES;
				INFOPLIST_KEY_UILaunchScreen_Generation = YES;
				INFOPLIST_KEY_UISupportedInterfaceOrientations_iPad = "UIInterfaceOrientationPortrait UIInterfaceOrientationPortraitUpsideDown UIInterfaceOrientationLandscapeLeft UIInterfaceOrientationLandscapeRight";
				INFOPLIST_KEY_UISupportedInterfaceOrientations_iPhone = "UIInterfaceOrientationPortrait UIInterfaceOrientationLandscapeLeft UIInterfaceOrientationLandscapeRight";
				LD_RUNPATH_SEARCH_PATHS = (
					"$(inherited)",
					"@executable_path/Frameworks",
				);
				MARKETING_VERSION = 1.0;
				PRODUCT_BUNDLE_IDENTIFIER = "com.meddesign.BAC-on-Track";
				PRODUCT_NAME = "$(TARGET_NAME)";
				SWIFT_EMIT_LOC_STRINGS = YES;
				SWIFT_VERSION = 5.0;
				TARGETED_DEVICE_FAMILY = "1,2";
			};
			name = Release;
		};
		6587AD9729A2B61D0064917E /* Debug */ = {
			isa = XCBuildConfiguration;
			buildSettings = {
				ALWAYS_EMBED_SWIFT_STANDARD_LIBRARIES = YES;
				BUNDLE_LOADER = "$(TEST_HOST)";
				CODE_SIGN_STYLE = Automatic;
				CURRENT_PROJECT_VERSION = 1;
				GENERATE_INFOPLIST_FILE = YES;
				IPHONEOS_DEPLOYMENT_TARGET = 16.2;
				MARKETING_VERSION = 1.0;
				PRODUCT_BUNDLE_IDENTIFIER = "com.meddesign.BAC-on-TrackTests";
				PRODUCT_NAME = "$(TARGET_NAME)";
				SWIFT_EMIT_LOC_STRINGS = NO;
				SWIFT_VERSION = 5.0;
				TARGETED_DEVICE_FAMILY = "1,2";
				TEST_HOST = "$(BUILT_PRODUCTS_DIR)/BAC on Track.app/$(BUNDLE_EXECUTABLE_FOLDER_PATH)/BAC on Track";
			};
			name = Debug;
		};
		6587AD9829A2B61D0064917E /* Release */ = {
			isa = XCBuildConfiguration;
			buildSettings = {
				ALWAYS_EMBED_SWIFT_STANDARD_LIBRARIES = YES;
				BUNDLE_LOADER = "$(TEST_HOST)";
				CODE_SIGN_STYLE = Automatic;
				CURRENT_PROJECT_VERSION = 1;
				GENERATE_INFOPLIST_FILE = YES;
				IPHONEOS_DEPLOYMENT_TARGET = 16.2;
				MARKETING_VERSION = 1.0;
				PRODUCT_BUNDLE_IDENTIFIER = "com.meddesign.BAC-on-TrackTests";
				PRODUCT_NAME = "$(TARGET_NAME)";
				SWIFT_EMIT_LOC_STRINGS = NO;
				SWIFT_VERSION = 5.0;
				TARGETED_DEVICE_FAMILY = "1,2";
				TEST_HOST = "$(BUILT_PRODUCTS_DIR)/BAC on Track.app/$(BUNDLE_EXECUTABLE_FOLDER_PATH)/BAC on Track";
			};
			name = Release;
		};
		6587AD9A29A2B61D0064917E /* Debug */ = {
			isa = XCBuildConfiguration;
			buildSettings = {
				ALWAYS_EMBED_SWIFT_STANDARD_LIBRARIES = YES;
				CODE_SIGN_STYLE = Automatic;
				CURRENT_PROJECT_VERSION = 1;
				GENERATE_INFOPLIST_FILE = YES;
				MARKETING_VERSION = 1.0;
				PRODUCT_BUNDLE_IDENTIFIER = "com.meddesign.BAC-on-TrackUITests";
				PRODUCT_NAME = "$(TARGET_NAME)";
				SWIFT_EMIT_LOC_STRINGS = NO;
				SWIFT_VERSION = 5.0;
				TARGETED_DEVICE_FAMILY = "1,2";
				TEST_TARGET_NAME = "BAC on Track";
			};
			name = Debug;
		};
		6587AD9B29A2B61D0064917E /* Release */ = {
			isa = XCBuildConfiguration;
			buildSettings = {
				ALWAYS_EMBED_SWIFT_STANDARD_LIBRARIES = YES;
				CODE_SIGN_STYLE = Automatic;
				CURRENT_PROJECT_VERSION = 1;
				GENERATE_INFOPLIST_FILE = YES;
				MARKETING_VERSION = 1.0;
				PRODUCT_BUNDLE_IDENTIFIER = "com.meddesign.BAC-on-TrackUITests";
				PRODUCT_NAME = "$(TARGET_NAME)";
				SWIFT_EMIT_LOC_STRINGS = NO;
				SWIFT_VERSION = 5.0;
				TARGETED_DEVICE_FAMILY = "1,2";
				TEST_TARGET_NAME = "BAC on Track";
			};
			name = Release;
		};
/* End XCBuildConfiguration section */

/* Begin XCConfigurationList section */
		6587AD6A29A2B61B0064917E /* Build configuration list for PBXProject "BAC on Track" */ = {
			isa = XCConfigurationList;
			buildConfigurations = (
				6587AD9129A2B61D0064917E /* Debug */,
				6587AD9229A2B61D0064917E /* Release */,
			);
			defaultConfigurationIsVisible = 0;
			defaultConfigurationName = Release;
		};
		6587AD9329A2B61D0064917E /* Build configuration list for PBXNativeTarget "BAC on Track" */ = {
			isa = XCConfigurationList;
			buildConfigurations = (
				6587AD9429A2B61D0064917E /* Debug */,
				6587AD9529A2B61D0064917E /* Release */,
			);
			defaultConfigurationIsVisible = 0;
			defaultConfigurationName = Release;
		};
		6587AD9629A2B61D0064917E /* Build configuration list for PBXNativeTarget "BAC on TrackTests" */ = {
			isa = XCConfigurationList;
			buildConfigurations = (
				6587AD9729A2B61D0064917E /* Debug */,
				6587AD9829A2B61D0064917E /* Release */,
			);
			defaultConfigurationIsVisible = 0;
			defaultConfigurationName = Release;
		};
		6587AD9929A2B61D0064917E /* Build configuration list for PBXNativeTarget "BAC on TrackUITests" */ = {
			isa = XCConfigurationList;
			buildConfigurations = (
				6587AD9A29A2B61D0064917E /* Debug */,
				6587AD9B29A2B61D0064917E /* Release */,
			);
			defaultConfigurationIsVisible = 0;
			defaultConfigurationName = Release;
		};
/* End XCConfigurationList section */
	};
	rootObject = 6587AD6729A2B61B0064917E /* Project object */;
}
